<?xml version="1.0" encoding="utf-8"?>
<Project ToolsVersion="4.0" xmlns="http://schemas.microsoft.com/developer/msbuild/2003">
  <ItemGroup>
    <Filter Include="Файлы исходного кода">
      <UniqueIdentifier>{4FC737F1-C7A5-4376-A066-2A32D752A2FF}</UniqueIdentifier>
      <Extensions>cpp;c;cc;cxx;def;odl;idl;hpj;bat;asm;asmx</Extensions>
    </Filter>
    <Filter Include="Файлы ресурсов">
      <UniqueIdentifier>{67DA6AB6-F800-4c08-8B7A-83BB121AAD01}</UniqueIdentifier>
      <Extensions>rc;ico;cur;bmp;dlg;rc2;rct;bin;rgs;gif;jpg;jpeg;jpe;resx;tiff;tif;png;wav;mfcribbon-ms</Extensions>
    </Filter>
    <Filter Include="Файлы исходного кода\Main Exetucable">
      <UniqueIdentifier>{48b1856f-0e18-4365-9015-6548f38ca694}</UniqueIdentifier>
    </Filter>
    <Filter Include="Файлы исходного кода\Classes">
      <UniqueIdentifier>{3642db21-deae-4fad-ab57-8e60dc39c391}</UniqueIdentifier>
    </Filter>
    <Filter Include="Заголовочные файлы">
      <UniqueIdentifier>{e7fac5ed-4830-46a0-86d8-f363069db9af}</UniqueIdentifier>
    </Filter>
    <Filter Include="Заголовочные файлы\Interfaces">
      <UniqueIdentifier>{08f352c3-6a22-4805-a5dd-1dc232ff000d}</UniqueIdentifier>
    </Filter>
    <Filter Include="Заголовочные файлы\Classes">
      <UniqueIdentifier>{7df2354d-cb3f-4576-b575-1a9ec536b0b1}</UniqueIdentifier>
    </Filter>
    <Filter Include="Заголовочные файлы\Classes\Units">
      <UniqueIdentifier>{62ce7ec0-49e6-484e-99a1-787465a6f73e}</UniqueIdentifier>
    </Filter>
    <Filter Include="Заголовочные файлы\Classes\UnitParts">
      <UniqueIdentifier>{df27dc25-be40-43cc-9ba0-9e3b633d6d36}</UniqueIdentifier>
    </Filter>
  </ItemGroup>
  <ItemGroup>
    <ClCompile Include="main.cpp">
      <Filter>Файлы исходного кода\Main Exetucable</Filter>
    </ClCompile>
    <ClCompile Include="cGun.cpp">
      <Filter>Файлы исходного кода\Classes</Filter>
    </ClCompile>
    <ClCompile Include="cGunner.cpp">
      <Filter>Файлы исходного кода\Classes</Filter>
    </ClCompile>
    <ClCompile Include="cObject.cpp">
      <Filter>Файлы исходного кода\Classes</Filter>
    </ClCompile>
    <ClCompile Include="cTank.cpp">
      <Filter>Файлы исходного кода\Classes</Filter>
    </ClCompile>
    <ClCompile Include="cTanker.cpp">
      <Filter>Файлы исходного кода\Classes</Filter>
    </ClCompile>
    <ClCompile Include="cUnit.cpp">
      <Filter>Файлы исходного кода\Classes</Filter>
    </ClCompile>
    <ClCompile Include="cBase.cpp">
      <Filter>Файлы исходного кода\Classes</Filter>
    </ClCompile>
    <ClCompile Include="cPosited.cpp">
      <Filter>Файлы исходного кода\Classes</Filter>
    </ClCompile>
    <ClCompile Include="cWorld.cpp">
      <Filter>Файлы исходного кода\Classes</Filter>
    </ClCompile>
    <ClCompile Include="cGunControl.cpp">
      <Filter>Файлы исходного кода\Classes</Filter>
    </ClCompile>
    <ClCompile Include="cTankControl.cpp">
      <Filter>Файлы исходного кода\Classes</Filter>
    </ClCompile>
    <ClCompile Include="form.cpp">
      <Filter>Файлы исходного кода</Filter>
    </ClCompile>
  </ItemGroup>
  <ItemGroup>
    <ClInclude Include="iClonable.h">
      <Filter>Заголовочные файлы\Interfaces</Filter>
    </ClInclude>
    <ClInclude Include="iStringable.h">
      <Filter>Заголовочные файлы\Interfaces</Filter>
    </ClInclude>
    <ClInclude Include="iUpdateble.h">
      <Filter>Заголовочные файлы\Interfaces</Filter>
    </ClInclude>
    <ClInclude Include="cObject.h">
      <Filter>Заголовочные файлы\Classes</Filter>
    </ClInclude>
    <ClInclude Include="cGunner.h">
      <Filter>Заголовочные файлы\Classes\Units</Filter>
    </ClInclude>
    <ClInclude Include="cTanker.h">
      <Filter>Заголовочные файлы\Classes\Units</Filter>
    </ClInclude>
    <ClInclude Include="cUnit.h">
      <Filter>Заголовочные файлы\Classes\Units</Filter>
    </ClInclude>
    <ClInclude Include="cGun.h">
      <Filter>Заголовочные файлы\Classes\UnitParts</Filter>
    </ClInclude>
    <ClInclude Include="cTank.h">
      <Filter>Заголовочные файлы\Classes\UnitParts</Filter>
    </ClInclude>
    <ClInclude Include="cBase.h">
      <Filter>Заголовочные файлы\Classes\Units</Filter>
    </ClInclude>
    <ClInclude Include="iMovable.h">
      <Filter>Заголовочные файлы\Interfaces</Filter>
    </ClInclude>
    <ClInclude Include="cWorld.h">
      <Filter>Заголовочные файлы\Classes\Units</Filter>
    </ClInclude>
    <ClInclude Include="iAccess.h">
      <Filter>Заголовочные файлы\Interfaces</Filter>
    </ClInclude>
    <ClInclude Include="cPosited.h">
      <Filter>Заголовочные файлы\Classes</Filter>
    </ClInclude>
    <ClInclude Include="iDrawable.h">
      <Filter>Заголовочные файлы\Interfaces</Filter>
    </ClInclude>
    <ClInclude Include="iController.h">
      <Filter>Заголовочные файлы\Interfaces</Filter>
    </ClInclude>
    <ClInclude Include="cGunControl.h">
      <Filter>Заголовочные файлы\Classes\UnitParts</Filter>
    </ClInclude>
    <ClInclude Include="cTankControl.h">
      <Filter>Заголовочные файлы\Classes\UnitParts</Filter>
    </ClInclude>
    <ClInclude Include="iDelete.h" />
    <ClInclude Include="form.h" />
  </ItemGroup>
  <ItemGroup>
    <Image Include="floorBasic.bmp">
      <Filter>Файлы ресурсов</Filter>
    </Image>
  </ItemGroup>
</Project>